
Microsoft Visual Studio Solution File, Format Version 12.00
# Visual Studio Version 17
VisualStudioVersion = 17.5.002.0
MinimumVisualStudioVersion = 10.0.40219.1
Project("{9A19103F-16F7-4668-BE54-9A1E7A4F7556}") = "ITsena-back", "ITsena-back.csproj", "{C604E860-E656-4AD4-9017-24A6223B875E}"
EndProject
Global
	GlobalSection(SolutionConfigurationPlatforms) = preSolution
		Debug|Any CPU = Debug|Any CPU
		Release|Any CPU = Release|Any CPU
	EndGlobalSection
	GlobalSection(ProjectConfigurationPlatforms) = postSolution
		{C604E860-E656-4AD4-9017-24A6223B875E}.Debug|Any CPU.ActiveCfg = Debug|Any CPU
		{C604E860-E656-4AD4-9017-24A6223B875E}.Debug|Any CPU.Build.0 = Debug|Any CPU
		{C604E860-E656-4AD4-9017-24A6223B875E}.Release|Any CPU.ActiveCfg = Release|Any CPU
		{C604E860-E656-4AD4-9017-24A6223B875E}.Release|Any CPU.Build.0 = Release|Any CPU
	EndGlobalSection
	GlobalSection(SolutionProperties) = preSolution
		HideSolutionNode = FALSE
	EndGlobalSection
	GlobalSection(ExtensibilityGlobals) = postSolution
		SolutionGuid = {7EBEADC9-401A-4219-8090-163A7B62D518}
	EndGlobalSection
EndGlobal
